// !$*UTF8*$!
{
	archiveVersion = 1;
	classes = {
	};
	objectVersion = 50;
	objects = {

/* Begin PBXBuildFile section */
		3A4F667725A6A3D00070907D /* AppDelegate.swift in Sources */ = {isa = PBXBuildFile; fileRef = 3A4F667625A6A3D00070907D /* AppDelegate.swift */; };
		3A4F667925A6A3D00070907D /* SceneDelegate.swift in Sources */ = {isa = PBXBuildFile; fileRef = 3A4F667825A6A3D00070907D /* SceneDelegate.swift */; };
		3A4F667B25A6A3D00070907D /* ViewController.swift in Sources */ = {isa = PBXBuildFile; fileRef = 3A4F667A25A6A3D00070907D /* ViewController.swift */; };
		3A4F667E25A6A3D00070907D /* Main.storyboard in Resources */ = {isa = PBXBuildFile; fileRef = 3A4F667C25A6A3D00070907D /* Main.storyboard */; };
		3A4F668025A6A3D30070907D /* Assets.xcassets in Resources */ = {isa = PBXBuildFile; fileRef = 3A4F667F25A6A3D30070907D /* Assets.xcassets */; };
		3A4F668325A6A3D30070907D /* LaunchScreen.storyboard in Resources */ = {isa = PBXBuildFile; fileRef = 3A4F668125A6A3D30070907D /* LaunchScreen.storyboard */; };
		3A4F668E25A6A3D30070907D /* CalculatorTests.swift in Sources */ = {isa = PBXBuildFile; fileRef = 3A4F668D25A6A3D30070907D /* CalculatorTests.swift */; };
		3A4F669925A6A3D30070907D /* CalculatorUITests.swift in Sources */ = {isa = PBXBuildFile; fileRef = 3A4F669825A6A3D30070907D /* CalculatorUITests.swift */; };
/* End PBXBuildFile section */

/* Begin PBXContainerItemProxy section */
		3A4F668A25A6A3D30070907D /* PBXContainerItemProxy */ = {
			isa = PBXContainerItemProxy;
			containerPortal = 3A4F666B25A6A3D00070907D /* Project object */;
			proxyType = 1;
			remoteGlobalIDString = 3A4F667225A6A3D00070907D;
			remoteInfo = Calculator;
		};
		3A4F669525A6A3D30070907D /* PBXContainerItemProxy */ = {
			isa = PBXContainerItemProxy;
			containerPortal = 3A4F666B25A6A3D00070907D /* Project object */;
			proxyType = 1;
			remoteGlobalIDString = 3A4F667225A6A3D00070907D;
			remoteInfo = Calculator;
		};
/* End PBXContainerItemProxy section */

/* Begin PBXFileReference section */
		3A4F667325A6A3D00070907D /* Calculator.app */ = {isa = PBXFileReference; explicitFileType = wrapper.application; includeInIndex = 0; path = Calculator.app; sourceTree = BUILT_PRODUCTS_DIR; };
		3A4F667625A6A3D00070907D /* AppDelegate.swift */ = {isa = PBXFileReference; lastKnownFileType = sourcecode.swift; path = AppDelegate.swift; sourceTree = "<group>"; };
		3A4F667825A6A3D00070907D /* SceneDelegate.swift */ = {isa = PBXFileReference; lastKnownFileType = sourcecode.swift; path = SceneDelegate.swift; sourceTree = "<group>"; };
		3A4F667A25A6A3D00070907D /* ViewController.swift */ = {isa = PBXFileReference; lastKnownFileType = sourcecode.swift; path = ViewController.swift; sourceTree = "<group>"; };
		3A4F667D25A6A3D00070907D /* Base */ = {isa = PBXFileReference; lastKnownFileType = file.storyboard; name = Base; path = Base.lproj/Main.storyboard; sourceTree = "<group>"; };
		3A4F667F25A6A3D30070907D /* Assets.xcassets */ = {isa = PBXFileReference; lastKnownFileType = folder.assetcatalog; path = Assets.xcassets; sourceTree = "<group>"; };
		3A4F668225A6A3D30070907D /* Base */ = {isa = PBXFileReference; lastKnownFileType = file.storyboard; name = Base; path = Base.lproj/LaunchScreen.storyboard; sourceTree = "<group>"; };
		3A4F668425A6A3D30070907D /* Info.plist */ = {isa = PBXFileReference; lastKnownFileType = text.plist.xml; path = Info.plist; sourceTree = "<group>"; };
		3A4F668925A6A3D30070907D /* CalculatorTests.xctest */ = {isa = PBXFileReference; explicitFileType = wrapper.cfbundle; includeInIndex = 0; path = CalculatorTests.xctest; sourceTree = BUILT_PRODUCTS_DIR; };
		3A4F668D25A6A3D30070907D /* CalculatorTests.swift */ = {isa = PBXFileReference; lastKnownFileType = sourcecode.swift; path = CalculatorTests.swift; sourceTree = "<group>"; };
		3A4F668F25A6A3D30070907D /* Info.plist */ = {isa = PBXFileReference; lastKnownFileType = text.plist.xml; path = Info.plist; sourceTree = "<group>"; };
		3A4F669425A6A3D30070907D /* CalculatorUITests.xctest */ = {isa = PBXFileReference; explicitFileType = wrapper.cfbundle; includeInIndex = 0; path = CalculatorUITests.xctest; sourceTree = BUILT_PRODUCTS_DIR; };
		3A4F669825A6A3D30070907D /* CalculatorUITests.swift */ = {isa = PBXFileReference; lastKnownFileType = sourcecode.swift; path = CalculatorUITests.swift; sourceTree = "<group>"; };
		3A4F669A25A6A3D30070907D /* Info.plist */ = {isa = PBXFileReference; lastKnownFileType = text.plist.xml; path = Info.plist; sourceTree = "<group>"; };
/* End PBXFileReference section */

/* Begin PBXFrameworksBuildPhase section */
		3A4F667025A6A3D00070907D /* Frameworks */ = {
			isa = PBXFrameworksBuildPhase;
			buildActionMask = 2147483647;
			files = (
			);
			runOnlyForDeploymentPostprocessing = 0;
		};
		3A4F668625A6A3D30070907D /* Frameworks */ = {
			isa = PBXFrameworksBuildPhase;
			buildActionMask = 2147483647;
			files = (
			);
			runOnlyForDeploymentPostprocessing = 0;
		};
		3A4F669125A6A3D30070907D /* Frameworks */ = {
			isa = PBXFrameworksBuildPhase;
			buildActionMask = 2147483647;
			files = (
			);
			runOnlyForDeploymentPostprocessing = 0;
		};
/* End PBXFrameworksBuildPhase section */

/* Begin PBXGroup section */
		3A4F666A25A6A3D00070907D = {
			isa = PBXGroup;
			children = (
				3A4F667525A6A3D00070907D /* Calculator */,
				3A4F668C25A6A3D30070907D /* CalculatorTests */,
				3A4F669725A6A3D30070907D /* CalculatorUITests */,
				3A4F667425A6A3D00070907D /* Products */,
			);
			sourceTree = "<group>";
		};
		3A4F667425A6A3D00070907D /* Products */ = {
			isa = PBXGroup;
			children = (
				3A4F667325A6A3D00070907D /* Calculator.app */,
				3A4F668925A6A3D30070907D /* CalculatorTests.xctest */,
				3A4F669425A6A3D30070907D /* CalculatorUITests.xctest */,
			);
			name = Products;
			sourceTree = "<group>";
		};
		3A4F667525A6A3D00070907D /* Calculator */ = {
			isa = PBXGroup;
			children = (
				3A4F667625A6A3D00070907D /* AppDelegate.swift */,
				3A4F667825A6A3D00070907D /* SceneDelegate.swift */,
				3A4F667A25A6A3D00070907D /* ViewController.swift */,
				3A4F667C25A6A3D00070907D /* Main.storyboard */,
				3A4F667F25A6A3D30070907D /* Assets.xcassets */,
				3A4F668125A6A3D30070907D /* LaunchScreen.storyboard */,
				3A4F668425A6A3D30070907D /* Info.plist */,
			);
			path = Calculator;
			sourceTree = "<group>";
		};
		3A4F668C25A6A3D30070907D /* CalculatorTests */ = {
			isa = PBXGroup;
			children = (
				3A4F668D25A6A3D30070907D /* CalculatorTests.swift */,
				3A4F668F25A6A3D30070907D /* Info.plist */,
			);
			path = CalculatorTests;
			sourceTree = "<group>";
		};
		3A4F669725A6A3D30070907D /* CalculatorUITests */ = {
			isa = PBXGroup;
			children = (
				3A4F669825A6A3D30070907D /* CalculatorUITests.swift */,
				3A4F669A25A6A3D30070907D /* Info.plist */,
			);
			path = CalculatorUITests;
			sourceTree = "<group>";
		};
/* End PBXGroup section */

/* Begin PBXNativeTarget section */
		3A4F667225A6A3D00070907D /* Calculator */ = {
			isa = PBXNativeTarget;
			buildConfigurationList = 3A4F669D25A6A3D30070907D /* Build configuration list for PBXNativeTarget "Calculator" */;
			buildPhases = (
				3A4F666F25A6A3D00070907D /* Sources */,
				3A4F667025A6A3D00070907D /* Frameworks */,
				3A4F667125A6A3D00070907D /* Resources */,
			);
			buildRules = (
			);
			dependencies = (
			);
			name = Calculator;
			productName = Calculator;
			productReference = 3A4F667325A6A3D00070907D /* Calculator.app */;
			productType = "com.apple.product-type.application";
		};
		3A4F668825A6A3D30070907D /* CalculatorTests */ = {
			isa = PBXNativeTarget;
			buildConfigurationList = 3A4F66A025A6A3D30070907D /* Build configuration list for PBXNativeTarget "CalculatorTests" */;
			buildPhases = (
				3A4F668525A6A3D30070907D /* Sources */,
				3A4F668625A6A3D30070907D /* Frameworks */,
				3A4F668725A6A3D30070907D /* Resources */,
			);
			buildRules = (
			);
			dependencies = (
				3A4F668B25A6A3D30070907D /* PBXTargetDependency */,
			);
			name = CalculatorTests;
			productName = CalculatorTests;
			productReference = 3A4F668925A6A3D30070907D /* CalculatorTests.xctest */;
			productType = "com.apple.product-type.bundle.unit-test";
		};
		3A4F669325A6A3D30070907D /* CalculatorUITests */ = {
			isa = PBXNativeTarget;
			buildConfigurationList = 3A4F66A325A6A3D30070907D /* Build configuration list for PBXNativeTarget "CalculatorUITests" */;
			buildPhases = (
				3A4F669025A6A3D30070907D /* Sources */,
				3A4F669125A6A3D30070907D /* Frameworks */,
				3A4F669225A6A3D30070907D /* Resources */,
			);
			buildRules = (
			);
			dependencies = (
				3A4F669625A6A3D30070907D /* PBXTargetDependency */,
			);
			name = CalculatorUITests;
			productName = CalculatorUITests;
			productReference = 3A4F669425A6A3D30070907D /* CalculatorUITests.xctest */;
			productType = "com.apple.product-type.bundle.ui-testing";
		};
/* End PBXNativeTarget section */

/* Begin PBXProject section */
		3A4F666B25A6A3D00070907D /* Project object */ = {
			isa = PBXProject;
			attributes = {
				LastSwiftUpdateCheck = 1210;
				LastUpgradeCheck = 1210;
				TargetAttributes = {
					3A4F667225A6A3D00070907D = {
						CreatedOnToolsVersion = 12.1;
					};
					3A4F668825A6A3D30070907D = {
						CreatedOnToolsVersion = 12.1;
						TestTargetID = 3A4F667225A6A3D00070907D;
					};
					3A4F669325A6A3D30070907D = {
						CreatedOnToolsVersion = 12.1;
						TestTargetID = 3A4F667225A6A3D00070907D;
					};
				};
			};
			buildConfigurationList = 3A4F666E25A6A3D00070907D /* Build configuration list for PBXProject "Calculator" */;
			compatibilityVersion = "Xcode 9.3";
			developmentRegion = en;
			hasScannedForEncodings = 0;
			knownRegions = (
				en,
				Base,
			);
			mainGroup = 3A4F666A25A6A3D00070907D;
			productRefGroup = 3A4F667425A6A3D00070907D /* Products */;
			projectDirPath = "";
			projectRoot = "";
			targets = (
				3A4F667225A6A3D00070907D /* Calculator */,
				3A4F668825A6A3D30070907D /* CalculatorTests */,
				3A4F669325A6A3D30070907D /* CalculatorUITests */,
			);
		};
/* End PBXProject section */

/* Begin PBXResourcesBuildPhase section */
		3A4F667125A6A3D00070907D /* Resources */ = {
			isa = PBXResourcesBuildPhase;
			buildActionMask = 2147483647;
			files = (
				3A4F668325A6A3D30070907D /* LaunchScreen.storyboard in Resources */,
				3A4F668025A6A3D30070907D /* Assets.xcassets in Resources */,
				3A4F667E25A6A3D00070907D /* Main.storyboard in Resources */,
			);
			runOnlyForDeploymentPostprocessing = 0;
		};
		3A4F668725A6A3D30070907D /* Resources */ = {
			isa = PBXResourcesBuildPhase;
			buildActionMask = 2147483647;
			files = (
			);
			runOnlyForDeploymentPostprocessing = 0;
		};
		3A4F669225A6A3D30070907D /* Resources */ = {
			isa = PBXResourcesBuildPhase;
			buildActionMask = 2147483647;
			files = (
			);
			runOnlyForDeploymentPostprocessing = 0;
		};
/* End PBXResourcesBuildPhase section */

/* Begin PBXSourcesBuildPhase section */
		3A4F666F25A6A3D00070907D /* Sources */ = {
			isa = PBXSourcesBuildPhase;
			buildActionMask = 2147483647;
			files = (
				3A4F667B25A6A3D00070907D /* ViewController.swift in Sources */,
				3A4F667725A6A3D00070907D /* AppDelegate.swift in Sources */,
				3A4F667925A6A3D00070907D /* SceneDelegate.swift in Sources */,
			);
			runOnlyForDeploymentPostprocessing = 0;
		};
		3A4F668525A6A3D30070907D /* Sources */ = {
			isa = PBXSourcesBuildPhase;
			buildActionMask = 2147483647;
			files = (
				3A4F668E25A6A3D30070907D /* CalculatorTests.swift in Sources */,
			);
			runOnlyForDeploymentPostprocessing = 0;
		};
		3A4F669025A6A3D30070907D /* Sources */ = {
			isa = PBXSourcesBuildPhase;
			buildActionMask = 2147483647;
			files = (
				3A4F669925A6A3D30070907D /* CalculatorUITests.swift in Sources */,
			);
			runOnlyForDeploymentPostprocessing = 0;
		};
/* End PBXSourcesBuildPhase section */

/* Begin PBXTargetDependency section */
		3A4F668B25A6A3D30070907D /* PBXTargetDependency */ = {
			isa = PBXTargetDependency;
			target = 3A4F667225A6A3D00070907D /* Calculator */;
			targetProxy = 3A4F668A25A6A3D30070907D /* PBXContainerItemProxy */;
		};
		3A4F669625A6A3D30070907D /* PBXTargetDependency */ = {
			isa = PBXTargetDependency;
			target = 3A4F667225A6A3D00070907D /* Calculator */;
			targetProxy = 3A4F669525A6A3D30070907D /* PBXContainerItemProxy */;
		};
/* End PBXTargetDependency section */

/* Begin PBXVariantGroup section */
		3A4F667C25A6A3D00070907D /* Main.storyboard */ = {
			isa = PBXVariantGroup;
			children = (
				3A4F667D25A6A3D00070907D /* Base */,
			);
			name = Main.storyboard;
			sourceTree = "<group>";
		};
		3A4F668125A6A3D30070907D /* LaunchScreen.storyboard */ = {
			isa = PBXVariantGroup;
			children = (
				3A4F668225A6A3D30070907D /* Base */,
			);
			name = LaunchScreen.storyboard;
			sourceTree = "<group>";
		};
/* End PBXVariantGroup section */

/* Begin XCBuildConfiguration section */
		3A4F669B25A6A3D30070907D /* Debug */ = {
			isa = XCBuildConfiguration;
			buildSettings = {
				ALWAYS_SEARCH_USER_PATHS = NO;
				CLANG_ANALYZER_NONNULL = YES;
				CLANG_ANALYZER_NUMBER_OBJECT_CONVERSION = YES_AGGRESSIVE;
				CLANG_CXX_LANGUAGE_STANDARD = "gnu++14";
				CLANG_CXX_LIBRARY = "libc++";
				CLANG_ENABLE_MODULES = YES;
				CLANG_ENABLE_OBJC_ARC = YES;
				CLANG_ENABLE_OBJC_WEAK = YES;
				CLANG_WARN_BLOCK_CAPTURE_AUTORELEASING = YES;
				CLANG_WARN_BOOL_CONVERSION = YES;
				CLANG_WARN_COMMA = YES;
				CLANG_WARN_CONSTANT_CONVERSION = YES;
				CLANG_WARN_DEPRECATED_OBJC_IMPLEMENTATIONS = YES;
				CLANG_WARN_DIRECT_OBJC_ISA_USAGE = YES_ERROR;
				CLANG_WARN_DOCUMENTATION_COMMENTS = YES;
				CLANG_WARN_EMPTY_BODY = YES;
				CLANG_WARN_ENUM_CONVERSION = YES;
				CLANG_WARN_INFINITE_RECURSION = YES;
				CLANG_WARN_INT_CONVERSION = YES;
				CLANG_WARN_NON_LITERAL_NULL_CONVERSION = YES;
				CLANG_WARN_OBJC_IMPLICIT_RETAIN_SELF = YES;
				CLANG_WARN_OBJC_LITERAL_CONVERSION = YES;
				CLANG_WARN_OBJC_ROOT_CLASS = YES_ERROR;
				CLANG_WARN_QUOTED_INCLUDE_IN_FRAMEWORK_HEADER = YES;
				CLANG_WARN_RANGE_LOOP_ANALYSIS = YES;
				CLANG_WARN_STRICT_PROTOTYPES = YES;
				CLANG_WARN_SUSPICIOUS_MOVE = YES;
				CLANG_WARN_UNGUARDED_AVAILABILITY = YES_AGGRESSIVE;
				CLANG_WARN_UNREACHABLE_CODE = YES;
				CLANG_WARN__DUPLICATE_METHOD_MATCH = YES;
				COPY_PHASE_STRIP = NO;
				DEBUG_INFORMATION_FORMAT = dwarf;
				ENABLE_STRICT_OBJC_MSGSEND = YES;
				ENABLE_TESTABILITY = YES;
				GCC_C_LANGUAGE_STANDARD = gnu11;
				GCC_DYNAMIC_NO_PIC = NO;
				GCC_NO_COMMON_BLOCKS = YES;
				GCC_OPTIMIZATION_LEVEL = 0;
				GCC_PREPROCESSOR_DEFINITIONS = (
					"DEBUG=1",
					"$(inherited)",
				);
				GCC_WARN_64_TO_32_BIT_CONVERSION = YES;
				GCC_WARN_ABOUT_RETURN_TYPE = YES_ERROR;
				GCC_WARN_UNDECLARED_SELECTOR = YES;
				GCC_WARN_UNINITIALIZED_AUTOS = YES_AGGRESSIVE;
				GCC_WARN_UNUSED_FUNCTION = YES;
				GCC_WARN_UNUSED_VARIABLE = YES;
				IPHONEOS_DEPLOYMENT_TARGET = 14.1;
				MTL_ENABLE_DEBUG_INFO = INCLUDE_SOURCE;
				MTL_FAST_MATH = YES;
				ONLY_ACTIVE_ARCH = YES;
				SDKROOT = iphoneos;
				SWIFT_ACTIVE_COMPILATION_CONDITIONS = DEBUG;
				SWIFT_OPTIMIZATION_LEVEL = "-Onone";
			};
			name = Debug;
		};
		3A4F669C25A6A3D30070907D /* Release */ = {
			isa = XCBuildConfiguration;
			buildSettings = {
				ALWAYS_SEARCH_USER_PATHS = NO;
				CLANG_ANALYZER_NONNULL = YES;
				CLANG_ANALYZER_NUMBER_OBJECT_CONVERSION = YES_AGGRESSIVE;
				CLANG_CXX_LANGUAGE_STANDARD = "gnu++14";
				CLANG_CXX_LIBRARY = "libc++";
				CLANG_ENABLE_MODULES = YES;
				CLANG_ENABLE_OBJC_ARC = YES;
				CLANG_ENABLE_OBJC_WEAK = YES;
				CLANG_WARN_BLOCK_CAPTURE_AUTORELEASING = YES;
				CLANG_WARN_BOOL_CONVERSION = YES;
				CLANG_WARN_COMMA = YES;
				CLANG_WARN_CONSTANT_CONVERSION = YES;
				CLANG_WARN_DEPRECATED_OBJC_IMPLEMENTATIONS = YES;
				CLANG_WARN_DIRECT_OBJC_ISA_USAGE = YES_ERROR;
				CLANG_WARN_DOCUMENTATION_COMMENTS = YES;
				CLANG_WARN_EMPTY_BODY = YES;
				CLANG_WARN_ENUM_CONVERSION = YES;
				CLANG_WARN_INFINITE_RECURSION = YES;
				CLANG_WARN_INT_CONVERSION = YES;
				CLANG_WARN_NON_LITERAL_NULL_CONVERSION = YES;
				CLANG_WARN_OBJC_IMPLICIT_RETAIN_SELF = YES;
				CLANG_WARN_OBJC_LITERAL_CONVERSION = YES;
				CLANG_WARN_OBJC_ROOT_CLASS = YES_ERROR;
				CLANG_WARN_QUOTED_INCLUDE_IN_FRAMEWORK_HEADER = YES;
				CLANG_WARN_RANGE_LOOP_ANALYSIS = YES;
				CLANG_WARN_STRICT_PROTOTYPES = YES;
				CLANG_WARN_SUSPICIOUS_MOVE = YES;
				CLANG_WARN_UNGUARDED_AVAILABILITY = YES_AGGRESSIVE;
				CLANG_WARN_UNREACHABLE_CODE = YES;
				CLANG_WARN__DUPLICATE_METHOD_MATCH = YES;
				COPY_PHASE_STRIP = NO;
				DEBUG_INFORMATION_FORMAT = "dwarf-with-dsym";
				ENABLE_NS_ASSERTIONS = NO;
				ENABLE_STRICT_OBJC_MSGSEND = YES;
				GCC_C_LANGUAGE_STANDARD = gnu11;
				GCC_NO_COMMON_BLOCKS = YES;
				GCC_WARN_64_TO_32_BIT_CONVERSION = YES;
				GCC_WARN_ABOUT_RETURN_TYPE = YES_ERROR;
				GCC_WARN_UNDECLARED_SELECTOR = YES;
				GCC_WARN_UNINITIALIZED_AUTOS = YES_AGGRESSIVE;
				GCC_WARN_UNUSED_FUNCTION = YES;
				GCC_WARN_UNUSED_VARIABLE = YES;
				IPHONEOS_DEPLOYMENT_TARGET = 14.1;
				MTL_ENABLE_DEBUG_INFO = NO;
				MTL_FAST_MATH = YES;
				SDKROOT = iphoneos;
				SWIFT_COMPILATION_MODE = wholemodule;
				SWIFT_OPTIMIZATION_LEVEL = "-O";
				VALIDATE_PRODUCT = YES;
			};
			name = Release;
		};
		3A4F669E25A6A3D30070907D /* Debug */ = {
			isa = XCBuildConfiguration;
			buildSettings = {
				ASSETCATALOG_COMPILER_APPICON_NAME = AppIcon;
				ASSETCATALOG_COMPILER_GLOBAL_ACCENT_COLOR_NAME = AccentColor;
				CODE_SIGN_STYLE = Automatic;
				DEVELOPMENT_TEAM = MMSJ2DXRDG;
				INFOPLIST_FILE = Calculator/Info.plist;
				LD_RUNPATH_SEARCH_PATHS = (
					"$(inherited)",
					"@executable_path/Frameworks",
				);
				PRODUCT_BUNDLE_IDENTIFIER = com.thecoderpilot.Calculator;
				PRODUCT_NAME = "$(TARGET_NAME)";
				SWIFT_VERSION = 5.0;
				TARGETED_DEVICE_FAMILY = "1,2";
			};
			name = Debug;
		};
		3A4F669F25A6A3D30070907D /* Release */ = {
			isa = XCBuildConfiguration;
			buildSettings = {
				ASSETCATALOG_COMPILER_APPICON_NAME = AppIcon;
				ASSETCATALOG_COMPILER_GLOBAL_ACCENT_COLOR_NAME = AccentColor;
				CODE_SIGN_STYLE = Automatic;
				DEVELOPMENT_TEAM = MMSJ2DXRDG;
				INFOPLIST_FILE = Calculator/Info.plist;
				LD_RUNPATH_SEARCH_PATHS = (
					"$(inherited)",
					"@executable_path/Frameworks",
				);
				PRODUCT_BUNDLE_IDENTIFIER = com.thecoderpilot.Calculator;
				PRODUCT_NAME = "$(TARGET_NAME)";
				SWIFT_VERSION = 5.0;
				TARGETED_DEVICE_FAMILY = "1,2";
			};
			name = Release;
		};
		3A4F66A125A6A3D30070907D /* Debug */ = {
			isa = XCBuildConfiguration;
			buildSettings = {
				ALWAYS_EMBED_SWIFT_STANDARD_LIBRARIES = YES;
				BUNDLE_LOADER = "$(TEST_HOST)";
				CODE_SIGN_STYLE = Automatic;
				DEVELOPMENT_TEAM = MMSJ2DXRDG;
				INFOPLIST_FILE = CalculatorTests/Info.plist;
				IPHONEOS_DEPLOYMENT_TARGET = 14.1;
				LD_RUNPATH_SEARCH_PATHS = (
					"$(inherited)",
					"@executable_path/Frameworks",
					"@loader_path/Frameworks",
				);
				PRODUCT_BUNDLE_IDENTIFIER = com.thecoderpilot.CalculatorTests;
				PRODUCT_NAME = "$(TARGET_NAME)";
				SWIFT_VERSION = 5.0;
				TARGETED_DEVICE_FAMILY = "1,2";
				TEST_HOST = "$(BUILT_PRODUCTS_DIR)/Calculator.app/Calculator";
			};
			name = Debug;
		};
		3A4F66A225A6A3D30070907D /* Release */ = {
			isa = XCBuildConfiguration;
			buildSettings = {
				ALWAYS_EMBED_SWIFT_STANDARD_LIBRARIES = YES;
				BUNDLE_LOADER = "$(TEST_HOST)";
				CODE_SIGN_STYLE = Automatic;
				DEVELOPMENT_TEAM = MMSJ2DXRDG;
				INFOPLIST_FILE = CalculatorTests/Info.plist;
				IPHONEOS_DEPLOYMENT_TARGET = 14.1;
				LD_RUNPATH_SEARCH_PATHS = (
					"$(inherited)",
					"@executable_path/Frameworks",
					"@loader_path/Frameworks",
				);
				PRODUCT_BUNDLE_IDENTIFIER = com.thecoderpilot.CalculatorTests;
				PRODUCT_NAME = "$(TARGET_NAME)";
				SWIFT_VERSION = 5.0;
				TARGETED_DEVICE_FAMILY = "1,2";
				TEST_HOST = "$(BUILT_PRODUCTS_DIR)/Calculator.app/Calculator";
			};
			name = Release;
		};
		3A4F66A425A6A3D30070907D /* Debug */ = {
			isa = XCBuildConfiguration;
			buildSettings = {
				ALWAYS_EMBED_SWIFT_STANDARD_LIBRARIES = YES;
				CODE_SIGN_STYLE = Automatic;
				DEVELOPMENT_TEAM = MMSJ2DXRDG;
				INFOPLIST_FILE = CalculatorUITests/Info.plist;
				LD_RUNPATH_SEARCH_PATHS = (
					"$(inherited)",
					"@executable_path/Frameworks",
					"@loader_path/Frameworks",
				);
				PRODUCT_BUNDLE_IDENTIFIER = com.thecoderpilot.CalculatorUITests;
				PRODUCT_NAME = "$(TARGET_NAME)";
				SWIFT_VERSION = 5.0;
				TARGETED_DEVICE_FAMILY = "1,2";
				TEST_TARGET_NAME = Calculator;
			};
			name = Debug;
		};
		3A4F66A525A6A3D30070907D /* Release */ = {
			isa = XCBuildConfiguration;
			buildSettings = {
				ALWAYS_EMBED_SWIFT_STANDARD_LIBRARIES = YES;
				CODE_SIGN_STYLE = Automatic;
				DEVELOPMENT_TEAM = MMSJ2DXRDG;
				INFOPLIST_FILE = CalculatorUITests/Info.plist;
				LD_RUNPATH_SEARCH_PATHS = (
					"$(inherited)",
					"@executable_path/Frameworks",
					"@loader_path/Frameworks",
				);
				PRODUCT_BUNDLE_IDENTIFIER = com.thecoderpilot.CalculatorUITests;
				PRODUCT_NAME = "$(TARGET_NAME)";
				SWIFT_VERSION = 5.0;
				TARGETED_DEVICE_FAMILY = "1,2";
				TEST_TARGET_NAME = Calculator;
			};
			name = Release;
		};
/* End XCBuildConfiguration section */

/* Begin XCConfigurationList section */
		3A4F666E25A6A3D00070907D /* Build configuration list for PBXProject "Calculator" */ = {
			isa = XCConfigurationList;
			buildConfigurations = (
				3A4F669B25A6A3D30070907D /* Debug */,
				3A4F669C25A6A3D30070907D /* Release */,
			);
			defaultConfigurationIsVisible = 0;
			defaultConfigurationName = Release;
		};
		3A4F669D25A6A3D30070907D /* Build configuration list for PBXNativeTarget "Calculator" */ = {
			isa = XCConfigurationList;
			buildConfigurations = (
				3A4F669E25A6A3D30070907D /* Debug */,
				3A4F669F25A6A3D30070907D /* Release */,
			);
			defaultConfigurationIsVisible = 0;
			defaultConfigurationName = Release;
		};
		3A4F66A025A6A3D30070907D /* Build configuration list for PBXNativeTarget "CalculatorTests" */ = {
			isa = XCConfigurationList;
			buildConfigurations = (
				3A4F66A125A6A3D30070907D /* Debug */,
				3A4F66A225A6A3D30070907D /* Release */,
			);
			defaultConfigurationIsVisible = 0;
			defaultConfigurationName = Release;
		};
		3A4F66A325A6A3D30070907D /* Build configuration list for PBXNativeTarget "CalculatorUITests" */ = {
			isa = XCConfigurationList;
			buildConfigurations = (
				3A4F66A425A6A3D30070907D /* Debug */,
				3A4F66A525A6A3D30070907D /* Release */,
			);
			defaultConfigurationIsVisible = 0;
			defaultConfigurationName = Release;
		};
/* End XCConfigurationList section */
	};
	rootObject = 3A4F666B25A6A3D00070907D /* Project object */;
}
